
Microsoft Visual Studio Solution File, Format Version 12.00
# Visual Studio Version 17
VisualStudioVersion = 17.11.35222.181
MinimumVisualStudioVersion = 10.0.40219.1
Project("{9A19103F-16F7-4668-BE54-9A1E7A4F7556}") = "Unconscious", "Unconscious\Unconscious.csproj", "{4BBDE528-C00A-416C-A1EC-82A2173DA779}"
EndProject
Project("{9A19103F-16F7-4668-BE54-9A1E7A4F7556}") = "CakeBuild", "ZZCakeBuild\CakeBuild.csproj", "{988A688E-33B8-4744-9C54-C11D49C370A7}"
EndProject
Global
	GlobalSection(SolutionConfigurationPlatforms) = preSolution
		Debug|Any CPU = Debug|Any CPU
		Release|Any CPU = Release|Any CPU
	EndGlobalSection
	GlobalSection(ProjectConfigurationPlatforms) = postSolution
		{4BBDE528-C00A-416C-A1EC-82A2173DA779}.Debug|Any CPU.ActiveCfg = Debug|Any CPU
		{4BBDE528-C00A-416C-A1EC-82A2173DA779}.Debug|Any CPU.Build.0 = Debug|Any CPU
		{4BBDE528-C00A-416C-A1EC-82A2173DA779}.Release|Any CPU.ActiveCfg = Release|Any CPU
		{4BBDE528-C00A-416C-A1EC-82A2173DA779}.Release|Any CPU.Build.0 = Release|Any CPU
		{988A688E-33B8-4744-9C54-C11D49C370A7}.Debug|Any CPU.ActiveCfg = Debug|Any CPU
		{988A688E-33B8-4744-9C54-C11D49C370A7}.Debug|Any CPU.Build.0 = Debug|Any CPU
		{988A688E-33B8-4744-9C54-C11D49C370A7}.Release|Any CPU.ActiveCfg = Release|Any CPU
		{988A688E-33B8-4744-9C54-C11D49C370A7}.Release|Any CPU.Build.0 = Release|Any CPU
	EndGlobalSection
	GlobalSection(SolutionProperties) = preSolution
		HideSolutionNode = FALSE
	EndGlobalSection
	GlobalSection(ExtensibilityGlobals) = postSolution
		SolutionGuid = {4D587F93-EA4A-40F2-989C-A5471A2377B5}
	EndGlobalSection
EndGlobal
